
Microsoft Visual Studio Solution File, Format Version 12.00
# Visual Studio Version 17
VisualStudioVersion = 17.3.32811.315
MinimumVisualStudioVersion = 10.0.40219.1
Project("{FAE04EC0-301F-11D3-BF4B-00C04F79EFBC}") = "WpfApp4", "WpfApp4\WpfApp4.csproj", "{E51800B7-DBE4-42DC-B11A-EDE4E21E32CD}"
EndProject
Global
	GlobalSection(SolutionConfigurationPlatforms) = preSolution
		Debug|Any CPU = Debug|Any CPU
		Release|Any CPU = Release|Any CPU
	EndGlobalSection
	GlobalSection(ProjectConfigurationPlatforms) = postSolution
		{E51800B7-DBE4-42DC-B11A-EDE4E21E32CD}.Debug|Any CPU.ActiveCfg = Debug|Any CPU
		{E51800B7-DBE4-42DC-B11A-EDE4E21E32CD}.Debug|Any CPU.Build.0 = Debug|Any CPU
		{E51800B7-DBE4-42DC-B11A-EDE4E21E32CD}.Release|Any CPU.ActiveCfg = Release|Any CPU
		{E51800B7-DBE4-42DC-B11A-EDE4E21E32CD}.Release|Any CPU.Build.0 = Release|Any CPU
	EndGlobalSection
	GlobalSection(SolutionProperties) = preSolution
		HideSolutionNode = FALSE
	EndGlobalSection
	GlobalSection(ExtensibilityGlobals) = postSolution
		SolutionGuid = {76DBA3CE-3BCC-4B45-99C9-DC03AEF51DAA}
	EndGlobalSection
EndGlobal
